
Microsoft Visual Studio Solution File, Format Version 12.00
# Visual Studio Version 16
VisualStudioVersion = 16.0.31112.23
MinimumVisualStudioVersion = 10.0.40219.1
Project("{FAE04EC0-301F-11D3-BF4B-00C04F79EFBC}") = "Teachify.Android", "Teachify\Teachify.Android\Teachify.Android.csproj", "{A4BDFF83-32D1-4E23-B58F-9630AE3A5C45}"
EndProject
Project("{FAE04EC0-301F-11D3-BF4B-00C04F79EFBC}") = "Teachify.iOS", "Teachify\Teachify.iOS\Teachify.iOS.csproj", "{0BD61ECA-75B0-4BAF-97EC-A91015B7A6BA}"
EndProject
Project("{9A19103F-16F7-4668-BE54-9A1E7A4F7556}") = "Teachify", "Teachify\Teachify\Teachify.csproj", "{02DF9D0C-58CF-455A-A813-CDBDB9443B71}"
EndProject
Global
	GlobalSection(SolutionConfigurationPlatforms) = preSolution
		Debug|Any CPU = Debug|Any CPU
		Debug|iPhone = Debug|iPhone
		Debug|iPhoneSimulator = Debug|iPhoneSimulator
		Release|Any CPU = Release|Any CPU
		Release|iPhone = Release|iPhone
		Release|iPhoneSimulator = Release|iPhoneSimulator
	EndGlobalSection
	GlobalSection(ProjectConfigurationPlatforms) = postSolution
		{A4BDFF83-32D1-4E23-B58F-9630AE3A5C45}.Debug|Any CPU.ActiveCfg = Debug|Any CPU
		{A4BDFF83-32D1-4E23-B58F-9630AE3A5C45}.Debug|Any CPU.Build.0 = Debug|Any CPU
		{A4BDFF83-32D1-4E23-B58F-9630AE3A5C45}.Debug|Any CPU.Deploy.0 = Debug|Any CPU
		{A4BDFF83-32D1-4E23-B58F-9630AE3A5C45}.Debug|iPhone.ActiveCfg = Debug|Any CPU
		{A4BDFF83-32D1-4E23-B58F-9630AE3A5C45}.Debug|iPhone.Build.0 = Debug|Any CPU
		{A4BDFF83-32D1-4E23-B58F-9630AE3A5C45}.Debug|iPhone.Deploy.0 = Debug|Any CPU
		{A4BDFF83-32D1-4E23-B58F-9630AE3A5C45}.Debug|iPhoneSimulator.ActiveCfg = Debug|Any CPU
		{A4BDFF83-32D1-4E23-B58F-9630AE3A5C45}.Debug|iPhoneSimulator.Build.0 = Debug|Any CPU
		{A4BDFF83-32D1-4E23-B58F-9630AE3A5C45}.Debug|iPhoneSimulator.Deploy.0 = Debug|Any CPU
		{A4BDFF83-32D1-4E23-B58F-9630AE3A5C45}.Release|Any CPU.ActiveCfg = Release|Any CPU
		{A4BDFF83-32D1-4E23-B58F-9630AE3A5C45}.Release|Any CPU.Build.0 = Release|Any CPU
		{A4BDFF83-32D1-4E23-B58F-9630AE3A5C45}.Release|Any CPU.Deploy.0 = Release|Any CPU
		{A4BDFF83-32D1-4E23-B58F-9630AE3A5C45}.Release|iPhone.ActiveCfg = Release|Any CPU
		{A4BDFF83-32D1-4E23-B58F-9630AE3A5C45}.Release|iPhone.Build.0 = Release|Any CPU
		{A4BDFF83-32D1-4E23-B58F-9630AE3A5C45}.Release|iPhone.Deploy.0 = Release|Any CPU
		{A4BDFF83-32D1-4E23-B58F-9630AE3A5C45}.Release|iPhoneSimulator.ActiveCfg = Release|Any CPU
		{A4BDFF83-32D1-4E23-B58F-9630AE3A5C45}.Release|iPhoneSimulator.Build.0 = Release|Any CPU
		{A4BDFF83-32D1-4E23-B58F-9630AE3A5C45}.Release|iPhoneSimulator.Deploy.0 = Release|Any CPU
		{0BD61ECA-75B0-4BAF-97EC-A91015B7A6BA}.Debug|Any CPU.ActiveCfg = Debug|iPhone
		{0BD61ECA-75B0-4BAF-97EC-A91015B7A6BA}.Debug|Any CPU.Build.0 = Debug|iPhone
		{0BD61ECA-75B0-4BAF-97EC-A91015B7A6BA}.Debug|Any CPU.Deploy.0 = Debug|iPhone
		{0BD61ECA-75B0-4BAF-97EC-A91015B7A6BA}.Debug|iPhone.ActiveCfg = Debug|iPhone
		{0BD61ECA-75B0-4BAF-97EC-A91015B7A6BA}.Debug|iPhone.Build.0 = Debug|iPhone
		{0BD61ECA-75B0-4BAF-97EC-A91015B7A6BA}.Debug|iPhone.Deploy.0 = Debug|iPhone
		{0BD61ECA-75B0-4BAF-97EC-A91015B7A6BA}.Debug|iPhoneSimulator.ActiveCfg = Debug|iPhoneSimulator
		{0BD61ECA-75B0-4BAF-97EC-A91015B7A6BA}.Debug|iPhoneSimulator.Build.0 = Debug|iPhoneSimulator
		{0BD61ECA-75B0-4BAF-97EC-A91015B7A6BA}.Debug|iPhoneSimulator.Deploy.0 = Debug|iPhoneSimulator
		{0BD61ECA-75B0-4BAF-97EC-A91015B7A6BA}.Release|Any CPU.ActiveCfg = Release|iPhoneSimulator
		{0BD61ECA-75B0-4BAF-97EC-A91015B7A6BA}.Release|Any CPU.Build.0 = Release|iPhoneSimulator
		{0BD61ECA-75B0-4BAF-97EC-A91015B7A6BA}.Release|Any CPU.Deploy.0 = Release|iPhoneSimulator
		{0BD61ECA-75B0-4BAF-97EC-A91015B7A6BA}.Release|iPhone.ActiveCfg = Release|iPhone
		{0BD61ECA-75B0-4BAF-97EC-A91015B7A6BA}.Release|iPhone.Build.0 = Release|iPhone
		{0BD61ECA-75B0-4BAF-97EC-A91015B7A6BA}.Release|iPhone.Deploy.0 = Release|iPhone
		{0BD61ECA-75B0-4BAF-97EC-A91015B7A6BA}.Release|iPhoneSimulator.ActiveCfg = Release|iPhoneSimulator
		{0BD61ECA-75B0-4BAF-97EC-A91015B7A6BA}.Release|iPhoneSimulator.Build.0 = Release|iPhoneSimulator
		{0BD61ECA-75B0-4BAF-97EC-A91015B7A6BA}.Release|iPhoneSimulator.Deploy.0 = Release|iPhoneSimulator
		{02DF9D0C-58CF-455A-A813-CDBDB9443B71}.Debug|Any CPU.ActiveCfg = Debug|Any CPU
		{02DF9D0C-58CF-455A-A813-CDBDB9443B71}.Debug|Any CPU.Build.0 = Debug|Any CPU
		{02DF9D0C-58CF-455A-A813-CDBDB9443B71}.Debug|Any CPU.Deploy.0 = Debug|Any CPU
		{02DF9D0C-58CF-455A-A813-CDBDB9443B71}.Debug|iPhone.ActiveCfg = Debug|Any CPU
		{02DF9D0C-58CF-455A-A813-CDBDB9443B71}.Debug|iPhone.Build.0 = Debug|Any CPU
		{02DF9D0C-58CF-455A-A813-CDBDB9443B71}.Debug|iPhone.Deploy.0 = Debug|Any CPU
		{02DF9D0C-58CF-455A-A813-CDBDB9443B71}.Debug|iPhoneSimulator.ActiveCfg = Debug|Any CPU
		{02DF9D0C-58CF-455A-A813-CDBDB9443B71}.Debug|iPhoneSimulator.Build.0 = Debug|Any CPU
		{02DF9D0C-58CF-455A-A813-CDBDB9443B71}.Debug|iPhoneSimulator.Deploy.0 = Debug|Any CPU
		{02DF9D0C-58CF-455A-A813-CDBDB9443B71}.Release|Any CPU.ActiveCfg = Release|Any CPU
		{02DF9D0C-58CF-455A-A813-CDBDB9443B71}.Release|Any CPU.Build.0 = Release|Any CPU
		{02DF9D0C-58CF-455A-A813-CDBDB9443B71}.Release|Any CPU.Deploy.0 = Release|Any CPU
		{02DF9D0C-58CF-455A-A813-CDBDB9443B71}.Release|iPhone.ActiveCfg = Release|Any CPU
		{02DF9D0C-58CF-455A-A813-CDBDB9443B71}.Release|iPhone.Build.0 = Release|Any CPU
		{02DF9D0C-58CF-455A-A813-CDBDB9443B71}.Release|iPhone.Deploy.0 = Release|Any CPU
		{02DF9D0C-58CF-455A-A813-CDBDB9443B71}.Release|iPhoneSimulator.ActiveCfg = Release|Any CPU
		{02DF9D0C-58CF-455A-A813-CDBDB9443B71}.Release|iPhoneSimulator.Build.0 = Release|Any CPU
		{02DF9D0C-58CF-455A-A813-CDBDB9443B71}.Release|iPhoneSimulator.Deploy.0 = Release|Any CPU
	EndGlobalSection
	GlobalSection(SolutionProperties) = preSolution
		HideSolutionNode = FALSE
	EndGlobalSection
	GlobalSection(ExtensibilityGlobals) = postSolution
		SolutionGuid = {6B3CA01B-67E3-4313-A6AB-CDF46A3E876E}
	EndGlobalSection
EndGlobal
